{
  "requires": true,
  "lockfileVersion": 1,
  "dependencies": {
    "@carbon/icons": {
      "version": "10.25.0",
      "resolved": "https://registry.npmjs.org/@carbon/icons/-/icons-10.25.0.tgz",
      "integrity": "sha512-ZQwFKGqULpCN+FXf6YV2cp7dTp5+vPQ5TSi0dG1M2Ayer22stN3hPS7YFQw/fQ8DIYcDi0nmUsp9S3WZux7cJQ==",
      "dev": true
    },
    "@carbon/pictograms": {
      "version": "11.2.0",
      "resolved": "https://registry.npmjs.org/@carbon/pictograms/-/pictograms-11.2.0.tgz",
      "integrity": "sha512-FYWNlMCXC6CXTyZBQCGTJGX/LKmRhc7XIUKTT5pwi7IALnhwol6WjZkVEiOb4ef1N8PhqcLQ//Uc3gEtpAQIpQ==",
      "dev": true
    }
  }
}
